Microsoft Visual Studio Solution File, Format Version 12.00
# Visual Studio Version 17
VisualStudioVersion = 17.5.2.0
MinimumVisualStudioVersion = 10.0.40219.1
Project("{FAE04EC0-301F-11D3-BF4B-00C04F79EFBC}") = "ConsoleCam", "ConsoleCam.csproj", "{960544A8-122B-BBEC-D098-55FEB288484B}"
EndProject
Global
	GlobalSection(SolutionConfigurationPlatforms) = preSolution
		Debug|Any CPU = Debug|Any CPU
		Release|Any CPU = Release|Any CPU
	EndGlobalSection
	GlobalSection(ProjectConfigurationPlatforms) = postSolution
		{960544A8-122B-BBEC-D098-55FEB288484B}.Debug|Any CPU.ActiveCfg = Debug|Any CPU
		{960544A8-122B-BBEC-D098-55FEB288484B}.Debug|Any CPU.Build.0 = Debug|Any CPU
		{960544A8-122B-BBEC-D098-55FEB288484B}.Release|Any CPU.ActiveCfg = Release|Any CPU
		{960544A8-122B-BBEC-D098-55FEB288484B}.Release|Any CPU.Build.0 = Release|Any CPU
	EndGlobalSection
	GlobalSection(SolutionProperties) = preSolution
		HideSolutionNode = FALSE
	EndGlobalSection
	GlobalSection(ExtensibilityGlobals) = postSolution
		SolutionGuid = {0E1EF223-ECE9-46E4-AFFD-ADE8CAC24421}
	EndGlobalSection
EndGlobal
